
Microsoft Visual Studio Solution File, Format Version 12.00
# Visual Studio Version 17
VisualStudioVersion = 17.8.34330.188
MinimumVisualStudioVersion = 10.0.40219.1
Project("{FAE04EC0-301F-11D3-BF4B-00C04F79EFBC}") = "MethodsandTryParsepart2Salvador", "MethodsandTryParsepart2Salvador.csproj", "{4F8221B5-DEC1-4CD7-9713-AFEA7AEB5304}"
EndProject
Global
	GlobalSection(SolutionConfigurationPlatforms) = preSolution
		Debug|Any CPU = Debug|Any CPU
		Release|Any CPU = Release|Any CPU
	EndGlobalSection
	GlobalSection(ProjectConfigurationPlatforms) = postSolution
		{4F8221B5-DEC1-4CD7-9713-AFEA7AEB5304}.Debug|Any CPU.ActiveCfg = Debug|Any CPU
		{4F8221B5-DEC1-4CD7-9713-AFEA7AEB5304}.Debug|Any CPU.Build.0 = Debug|Any CPU
		{4F8221B5-DEC1-4CD7-9713-AFEA7AEB5304}.Release|Any CPU.ActiveCfg = Release|Any CPU
		{4F8221B5-DEC1-4CD7-9713-AFEA7AEB5304}.Release|Any CPU.Build.0 = Release|Any CPU
	EndGlobalSection
	GlobalSection(SolutionProperties) = preSolution
		HideSolutionNode = FALSE
	EndGlobalSection
	GlobalSection(ExtensibilityGlobals) = postSolution
		SolutionGuid = {6669C426-4484-454A-BF7C-8B27BE3B120C}
	EndGlobalSection
EndGlobal
